// !$*UTF8*$!
{
	archiveVersion = 1;
	classes = {
	};
	objectVersion = 46;
	objects = {

/* Begin PBXBuildFile section */
		20FF9CEA1C4D26310091CE9D /* main.m in Sources */ = {isa = PBXBuildFile; fileRef = 20FF9CE91C4D26310091CE9D /* main.m */; };
		20FF9CED1C4D26310091CE9D /* AppDelegate.m in Sources */ = {isa = PBXBuildFile; fileRef = 20FF9CEC1C4D26310091CE9D /* AppDelegate.m */; };
		20FF9CF01C4D26310091CE9D /* ViewController.m in Sources */ = {isa = PBXBuildFile; fileRef = 20FF9CEF1C4D26310091CE9D /* ViewController.m */; };
		20FF9CF31C4D26310091CE9D /* Main.storyboard in Resources */ = {isa = PBXBuildFile; fileRef = 20FF9CF11C4D26310091CE9D /* Main.storyboard */; };
		20FF9CF51C4D26310091CE9D /* Assets.xcassets in Resources */ = {isa = PBXBuildFile; fileRef = 20FF9CF41C4D26310091CE9D /* Assets.xcassets */; };
		20FF9CF81C4D26310091CE9D /* LaunchScreen.storyboard in Resources */ = {isa = PBXBuildFile; fileRef = 20FF9CF61C4D26310091CE9D /* LaunchScreen.storyboard */; };
		A8DD3725C9C705D7E2E80F04 /* libPods.a in Frameworks */ = {isa = PBXBuildFile; fileRef = 54902A587E33EA35D1AE89ED /* libPods.a */; };
/* End PBXBuildFile section */

/* Begin PBXFileReference section */
		20FF9CE51C4D26310091CE9D /* Example.app */ = {isa = PBXFileReference; explicitFileType = wrapper.application; includeInIndex = 0; path = Example.app; sourceTree = BUILT_PRODUCTS_DIR; };
		20FF9CE91C4D26310091CE9D /* main.m */ = {isa = PBXFileReference; lastKnownFileType = sourcecode.c.objc; path = main.m; sourceTree = "<group>"; };
		20FF9CEB1C4D26310091CE9D /* AppDelegate.h */ = {isa = PBXFileReference; lastKnownFileType = sourcecode.c.h; path = AppDelegate.h; sourceTree = "<group>"; };
		20FF9CEC1C4D26310091CE9D /* AppDelegate.m */ = {isa = PBXFileReference; lastKnownFileType = sourcecode.c.objc; path = AppDelegate.m; sourceTree = "<group>"; };
		20FF9CEE1C4D26310091CE9D /* ViewController.h */ = {isa = PBXFileReference; lastKnownFileType = sourcecode.c.h; path = ViewController.h; sourceTree = "<group>"; };
		20FF9CEF1C4D26310091CE9D /* ViewController.m */ = {isa = PBXFileReference; lastKnownFileType = sourcecode.c.objc; path = ViewController.m; sourceTree = "<group>"; };
		20FF9CF21C4D26310091CE9D /* Base */ = {isa = PBXFileReference; lastKnownFileType = file.storyboard; name = Base; path = Base.lproj/Main.storyboard; sourceTree = "<group>"; };
		20FF9CF41C4D26310091CE9D /* Assets.xcassets */ = {isa = PBXFileReference; lastKnownFileType = folder.assetcatalog; path = Assets.xcassets; sourceTree = "<group>"; };
		20FF9CF71C4D26310091CE9D /* Base */ = {isa = PBXFileReference; lastKnownFileType = file.storyboard; name = Base; path = Base.lproj/LaunchScreen.storyboard; sourceTree = "<group>"; };
		20FF9CF91C4D26310091CE9D /* Info.plist */ = {isa = PBXFileReference; lastKnownFileType = text.plist.xml; path = Info.plist; sourceTree = "<group>"; };
		2C4774E5DE28FFC3DB1B8BAB /* Pods.release.xcconfig */ = {isa = PBXFileReference; includeInIndex = 1; lastKnownFileType = text.xcconfig; name = Pods.release.xcconfig; path = "Pods/Target Support Files/Pods/Pods.release.xcconfig"; sourceTree = "<group>"; };
		54902A587E33EA35D1AE89ED /* libPods.a */ = {isa = PBXFileReference; explicitFileType = archive.ar; includeInIndex = 0; path = libPods.a; sourceTree = BUILT_PRODUCTS_DIR; };
		9B3C407F0E2B8C34AD6B35BD /* Pods.debug.xcconfig */ = {isa = PBXFileReference; includeInIndex = 1; lastKnownFileType = text.xcconfig; name = Pods.debug.xcconfig; path = "Pods/Target Support Files/Pods/Pods.debug.xcconfig"; sourceTree = "<group>"; };
/* End PBXFileReference section */

/* Begin PBXFrameworksBuildPhase section */
		20FF9CE21C4D26310091CE9D /* Frameworks */ = {
			isa = PBXFrameworksBuildPhase;
			buildActionMask = 2147483647;
			files = (
				A8DD3725C9C705D7E2E80F04 /* libPods.a in Frameworks */,
			);
			runOnlyForDeploymentPostprocessing = 0;
		};
/* End PBXFrameworksBuildPhase section */

/* Begin PBXGroup section */
		20FF9CDC1C4D26310091CE9D = {
			isa = PBXGroup;
			children = (
				20FF9CE71C4D26310091CE9D /* Example */,
				20FF9CE61C4D26310091CE9D /* Products */,
				4233BAA0441B0EC59C7070E2 /* Pods */,
				EB3D47843F7803555208F13C /* Frameworks */,
			);
			sourceTree = "<group>";
		};
		20FF9CE61C4D26310091CE9D /* Products */ = {
			isa = PBXGroup;
			children = (
				20FF9CE51C4D26310091CE9D /* Example.app */,
			);
			name = Products;
			sourceTree = "<group>";
		};
		20FF9CE71C4D26310091CE9D /* Example */ = {
			isa = PBXGroup;
			children = (
				20FF9CEB1C4D26310091CE9D /* AppDelegate.h */,
				20FF9CEC1C4D26310091CE9D /* AppDelegate.m */,
				20FF9CEE1C4D26310091CE9D /* ViewController.h */,
				20FF9CEF1C4D26310091CE9D /* ViewController.m */,
				20FF9CF11C4D26310091CE9D /* Main.storyboard */,
				20FF9CF41C4D26310091CE9D /* Assets.xcassets */,
				20FF9CF61C4D26310091CE9D /* LaunchScreen.storyboard */,
				20FF9CF91C4D26310091CE9D /* Info.plist */,
				20FF9CE81C4D26310091CE9D /* Supporting Files */,
			);
			path = Example;
			sourceTree = "<group>";
		};
		20FF9CE81C4D26310091CE9D /* Supporting Files */ = {
			isa = PBXGroup;
			children = (
				20FF9CE91C4D26310091CE9D /* main.m */,
			);
			name = "Supporting Files";
			sourceTree = "<group>";
		};
		4233BAA0441B0EC59C7070E2 /* Pods */ = {
			isa = PBXGroup;
			children = (
				9B3C407F0E2B8C34AD6B35BD /* Pods.debug.xcconfig */,
				2C4774E5DE28FFC3DB1B8BAB /* Pods.release.xcconfig */,
			);
			name = Pods;
			sourceTree = "<group>";
		};
		EB3D47843F7803555208F13C /* Frameworks */ = {
			isa = PBXGroup;
			children = (
				54902A587E33EA35D1AE89ED /* libPods.a */,
			);
			name = Frameworks;
			sourceTree = "<group>";
		};
/* End PBXGroup section */

/* Begin PBXNativeTarget section */
		20FF9CE41C4D26310091CE9D /* Example */ = {
			isa = PBXNativeTarget;
			buildConfigurationList = 20FF9CFC1C4D26310091CE9D /* Build configuration list for PBXNativeTarget "Example" */;
			buildPhases = (
				9355B8E462D80B40B9AAFE64 /* Check Pods Manifest.lock */,
				20FF9CE11C4D26310091CE9D /* Sources */,
				20FF9CE21C4D26310091CE9D /* Frameworks */,
				20FF9CE31C4D26310091CE9D /* Resources */,
				C2FF3DE327D5D984FC94BC92 /* Embed Pods Frameworks */,
				B6D9E437B2081C4D2D432431 /* Copy Pods Resources */,
			);
			buildRules = (
			);
			dependencies = (
			);
			name = Example;
			productName = Example;
			productReference = 20FF9CE51C4D26310091CE9D /* Example.app */;
			productType = "com.apple.product-type.application";
		};
/* End PBXNativeTarget section */

/* Begin PBXProject section */
		20FF9CDD1C4D26310091CE9D /* Project object */ = {
			isa = PBXProject;
			attributes = {
				LastUpgradeCheck = 0720;
				ORGANIZATIONNAME = AppUnite.com;
				TargetAttributes = {
					20FF9CE41C4D26310091CE9D = {
						CreatedOnToolsVersion = 7.2;
					};
				};
			};
			buildConfigurationList = 20FF9CE01C4D26310091CE9D /* Build configuration list for PBXProject "Example" */;
			compatibilityVersion = "Xcode 3.2";
			developmentRegion = English;
			hasScannedForEncodings = 0;
			knownRegions = (
				en,
				Base,
			);
			mainGroup = 20FF9CDC1C4D26310091CE9D;
			productRefGroup = 20FF9CE61C4D26310091CE9D /* Products */;
			projectDirPath = "";
			projectRoot = "";
			targets = (
				20FF9CE41C4D26310091CE9D /* Example */,
			);
		};
/* End PBXProject section */

/* Begin PBXResourcesBuildPhase section */
		20FF9CE31C4D26310091CE9D /* Resources */ = {
			isa = PBXResourcesBuildPhase;
			buildActionMask = 2147483647;
			files = (
				20FF9CF81C4D26310091CE9D /* LaunchScreen.storyboard in Resources */,
				20FF9CF51C4D26310091CE9D /* Assets.xcassets in Resources */,
				20FF9CF31C4D26310091CE9D /* Main.storyboard in Resources */,
			);
			runOnlyForDeploymentPostprocessing = 0;
		};
/* End PBXResourcesBuildPhase section */

/* Begin PBXShellScriptBuildPhase section */
		9355B8E462D80B40B9AAFE64 /* Check Pods Manifest.lock */ = {
			isa = PBXShellScriptBuildPhase;
			buildActionMask = 2147483647;
			files = (
			);
			inputPaths = (
			);
			name = "Check Pods Manifest.lock";
			outputPaths = (
			);
			runOnlyForDeploymentPostprocessing = 0;
			shellPath = /bin/sh;
			shellScript = "diff \"${PODS_ROOT}/../Podfile.lock\" \"${PODS_ROOT}/Manifest.lock\" > /dev/null\nif [[ $? != 0 ]] ; then\n    cat << EOM\nerror: The sandbox is not in sync with the Podfile.lock. Run 'pod install' or update your CocoaPods installation.\nEOM\n    exit 1\nfi\n";
			showEnvVarsInLog = 0;
		};
		B6D9E437B2081C4D2D432431 /* Copy Pods Resources */ = {
			isa = PBXShellScriptBuildPhase;
			buildActionMask = 2147483647;
			files = (
			);
			inputPaths = (
			);
			name = "Copy Pods Resources";
			outputPaths = (
			);
			runOnlyForDeploymentPostprocessing = 0;
			shellPath = /bin/sh;
			shellScript = "\"${SRCROOT}/Pods/Target Support Files/Pods/Pods-resources.sh\"\n";
			showEnvVarsInLog = 0;
		};
		C2FF3DE327D5D984FC94BC92 /* Embed Pods Frameworks */ = {
			isa = PBXShellScriptBuildPhase;
			buildActionMask = 2147483647;
			files = (
			);
			inputPaths = (
			);
			name = "Embed Pods Frameworks";
			outputPaths = (
			);
			runOnlyForDeploymentPostprocessing = 0;
			shellPath = /bin/sh;
			shellScript = "\"${SRCROOT}/Pods/Target Support Files/Pods/Pods-frameworks.sh\"\n";
			showEnvVarsInLog = 0;
		};
/* End PBXShellScriptBuildPhase section */

/* Begin PBXSourcesBuildPhase section */
		20FF9CE11C4D26310091CE9D /* Sources */ = {
			isa = PBXSourcesBuildPhase;
			buildActionMask = 2147483647;
			files = (
				20FF9CF01C4D26310091CE9D /* ViewController.m in Sources */,
				20FF9CED1C4D26310091CE9D /* AppDelegate.m in Sources */,
				20FF9CEA1C4D26310091CE9D /* main.m in Sources */,
			);
			runOnlyForDeploymentPostprocessing = 0;
		};
/* End PBXSourcesBuildPhase section */

/* Begin PBXVariantGroup section */
		20FF9CF11C4D26310091CE9D /* Main.storyboard */ = {
			isa = PBXVariantGroup;
			children = (
				20FF9CF21C4D26310091CE9D /* Base */,
			);
			name = Main.storyboard;
			sourceTree = "<group>";
		};
		20FF9CF61C4D26310091CE9D /* LaunchScreen.storyboard */ = {
			isa = PBXVariantGroup;
			children = (
				20FF9CF71C4D26310091CE9D /* Base */,
			);
			name = LaunchScreen.storyboard;
			sourceTree = "<group>";
		};
/* End PBXVariantGroup section */

/* Begin XCBuildConfiguration section */
		20FF9CFA1C4D26310091CE9D /* Debug */ = {
			isa = XCBuildConfiguration;
			buildSettings = {
				ALWAYS_SEARCH_USER_PATHS = NO;
				CLANG_CXX_LANGUAGE_STANDARD = "gnu++0x";
				CLANG_CXX_LIBRARY = "libc++";
				CLANG_ENABLE_MODULES = YES;
				CLANG_ENABLE_OBJC_ARC = YES;
				CLANG_WARN_BOOL_CONVERSION = YES;
				CLANG_WARN_CONSTANT_CONVERSION = YES;
				CLANG_WARN_DIRECT_OBJC_ISA_USAGE = YES_ERROR;
				CLANG_WARN_EMPTY_BODY = YES;
				CLANG_WARN_ENUM_CONVERSION = YES;
				CLANG_WARN_INT_CONVERSION = YES;
				CLANG_WARN_OBJC_ROOT_CLASS = YES_ERROR;
				CLANG_WARN_UNREACHABLE_CODE = YES;
				CLANG_WARN__DUPLICATE_METHOD_MATCH = YES;
				"CODE_SIGN_IDENTITY[sdk=iphoneos*]" = "iPhone Developer";
				COPY_PHASE_STRIP = NO;
				DEBUG_INFORMATION_FORMAT = dwarf;
				ENABLE_STRICT_OBJC_MSGSEND = YES;
				ENABLE_TESTABILITY = YES;
				GCC_C_LANGUAGE_STANDARD = gnu99;
				GCC_DYNAMIC_NO_PIC = NO;
				GCC_NO_COMMON_BLOCKS = YES;
				GCC_OPTIMIZATION_LEVEL = 0;
				GCC_PREPROCESSOR_DEFINITIONS = (
					"DEBUG=1",
					"$(inherited)",
				);
				GCC_WARN_64_TO_32_BIT_CONVERSION = YES;
				GCC_WARN_ABOUT_RETURN_TYPE = YES_ERROR;
				GCC_WARN_UNDECLARED_SELECTOR = YES;
				GCC_WARN_UNINITIALIZED_AUTOS = YES_AGGRESSIVE;
				GCC_WARN_UNUSED_FUNCTION = YES;
				GCC_WARN_UNUSED_VARIABLE = YES;
				IPHONEOS_DEPLOYMENT_TARGET = 9.2;
				MTL_ENABLE_DEBUG_INFO = YES;
				ONLY_ACTIVE_ARCH = YES;
				SDKROOT = iphoneos;
			};
			name = Debug;
		};
		20FF9CFB1C4D26310091CE9D /* Release */ = {
			isa = XCBuildConfiguration;
			buildSettings = {
				ALWAYS_SEARCH_USER_PATHS = NO;
				CLANG_CXX_LANGUAGE_STANDARD = "gnu++0x";
				CLANG_CXX_LIBRARY = "libc++";
				CLANG_ENABLE_MODULES = YES;
				CLANG_ENABLE_OBJC_ARC = YES;
				CLANG_WARN_BOOL_CONVERSION = YES;
				CLANG_WARN_CONSTANT_CONVERSION = YES;
				CLANG_WARN_DIRECT_OBJC_ISA_USAGE = YES_ERROR;
				CLANG_WARN_EMPTY_BODY = YES;
				CLANG_WARN_ENUM_CONVERSION = YES;
				CLANG_WARN_INT_CONVERSION = YES;
				CLANG_WARN_OBJC_ROOT_CLASS = YES_ERROR;
				CLANG_WARN_UNREACHABLE_CODE = YES;
				CLANG_WARN__DUPLICATE_METHOD_MATCH = YES;
				"CODE_SIGN_IDENTITY[sdk=iphoneos*]" = "iPhone Developer";
				COPY_PHASE_STRIP = NO;
				DEBUG_INFORMATION_FORMAT = "dwarf-with-dsym";
				ENABLE_NS_ASSERTIONS = NO;
				ENABLE_STRICT_OBJC_MSGSEND = YES;
				GCC_C_LANGUAGE_STANDARD = gnu99;
				GCC_NO_COMMON_BLOCKS = YES;
				GCC_WARN_64_TO_32_BIT_CONVERSION = YES;
				GCC_WARN_ABOUT_RETURN_TYPE = YES_ERROR;
				GCC_WARN_UNDECLARED_SELECTOR = YES;
				GCC_WARN_UNINITIALIZED_AUTOS = YES_AGGRESSIVE;
				GCC_WARN_UNUSED_FUNCTION = YES;
				GCC_WARN_UNUSED_VARIABLE = YES;
				IPHONEOS_DEPLOYMENT_TARGET = 9.2;
				MTL_ENABLE_DEBUG_INFO = NO;
				SDKROOT = iphoneos;
				VALIDATE_PRODUCT = YES;
			};
			name = Release;
		};
		20FF9CFD1C4D26310091CE9D /* Debug */ = {
			isa = XCBuildConfiguration;
			baseConfigurationReference = 9B3C407F0E2B8C34AD6B35BD /* Pods.debug.xcconfig */;
			buildSettings = {
				ASSETCATALOG_COMPILER_APPICON_NAME = AppIcon;
				INFOPLIST_FILE = Example/Info.plist;
				LD_RUNPATH_SEARCH_PATHS = "$(inherited) @executable_path/Frameworks";
				PRODUCT_BUNDLE_IDENTIFIER = com.appunite.Example;
				PRODUCT_NAME = "$(TARGET_NAME)";
			};
			name = Debug;
		};
		20FF9CFE1C4D26310091CE9D /* Release */ = {
			isa = XCBuildConfiguration;
			baseConfigurationReference = 2C4774E5DE28FFC3DB1B8BAB /* Pods.release.xcconfig */;
			buildSettings = {
				ASSETCATALOG_COMPILER_APPICON_NAME = AppIcon;
				INFOPLIST_FILE = Example/Info.plist;
				LD_RUNPATH_SEARCH_PATHS = "$(inherited) @executable_path/Frameworks";
				PRODUCT_BUNDLE_IDENTIFIER = com.appunite.Example;
				PRODUCT_NAME = "$(TARGET_NAME)";
			};
			name = Release;
		};
/* End XCBuildConfiguration section */

/* Begin XCConfigurationList section */
		20FF9CE01C4D26310091CE9D /* Build configuration list for PBXProject "Example" */ = {
			isa = XCConfigurationList;
			buildConfigurations = (
				20FF9CFA1C4D26310091CE9D /* Debug */,
				20FF9CFB1C4D26310091CE9D /* Release */,
			);
			defaultConfigurationIsVisible = 0;
			defaultConfigurationName = Release;
		};
		20FF9CFC1C4D26310091CE9D /* Build configuration list for PBXNativeTarget "Example" */ = {
			isa = XCConfigurationList;
			buildConfigurations = (
				20FF9CFD1C4D26310091CE9D /* Debug */,
				20FF9CFE1C4D26310091CE9D /* Release */,
			);
			defaultConfigurationIsVisible = 0;
			defaultConfigurationName = Release;
		};
/* End XCConfigurationList section */
	};
	rootObject = 20FF9CDD1C4D26310091CE9D /* Project object */;
}
